// !$*UTF8*$!
{
	archiveVersion = 1;
	classes = {
	};
	objectVersion = 46;
	objects = {

/* Begin PBXBuildFile section */
		3F6321411F3229F800C9CCB4 /* AppDelegate.swift in Sources */ = {isa = PBXBuildFile; fileRef = 3F6321401F3229F800C9CCB4 /* AppDelegate.swift */; };
		3F6321431F3229F800C9CCB4 /* ViewController.swift in Sources */ = {isa = PBXBuildFile; fileRef = 3F6321421F3229F800C9CCB4 /* ViewController.swift */; };
		3F6321461F3229F900C9CCB4 /* Main.storyboard in Resources */ = {isa = PBXBuildFile; fileRef = 3F6321441F3229F800C9CCB4 /* Main.storyboard */; };
		3F6321481F3229F900C9CCB4 /* Assets.xcassets in Resources */ = {isa = PBXBuildFile; fileRef = 3F6321471F3229F900C9CCB4 /* Assets.xcassets */; };
		3F63214B1F3229F900C9CCB4 /* LaunchScreen.storyboard in Resources */ = {isa = PBXBuildFile; fileRef = 3F6321491F3229F900C9CCB4 /* LaunchScreen.storyboard */; };
		3F6321531F322FCD00C9CCB4 /* QuizModel.swift in Sources */ = {isa = PBXBuildFile; fileRef = 3F6321521F322FCD00C9CCB4 /* QuizModel.swift */; };
		3F6321551F323BC600C9CCB4 /* ExtraFunctions.swift in Sources */ = {isa = PBXBuildFile; fileRef = 3F6321541F323BC600C9CCB4 /* ExtraFunctions.swift */; };
/* End PBXBuildFile section */

/* Begin PBXFileReference section */
		3F63213D1F3229F800C9CCB4 /* Quiz.app */ = {isa = PBXFileReference; explicitFileType = wrapper.application; includeInIndex = 0; path = Quiz.app; sourceTree = BUILT_PRODUCTS_DIR; };
		3F6321401F3229F800C9CCB4 /* AppDelegate.swift */ = {isa = PBXFileReference; lastKnownFileType = sourcecode.swift; path = AppDelegate.swift; sourceTree = "<group>"; };
		3F6321421F3229F800C9CCB4 /* ViewController.swift */ = {isa = PBXFileReference; lastKnownFileType = sourcecode.swift; path = ViewController.swift; sourceTree = "<group>"; };
		3F6321451F3229F800C9CCB4 /* Base */ = {isa = PBXFileReference; lastKnownFileType = file.storyboard; name = Base; path = Base.lproj/Main.storyboard; sourceTree = "<group>"; };
		3F6321471F3229F900C9CCB4 /* Assets.xcassets */ = {isa = PBXFileReference; lastKnownFileType = folder.assetcatalog; path = Assets.xcassets; sourceTree = "<group>"; };
		3F63214A1F3229F900C9CCB4 /* Base */ = {isa = PBXFileReference; lastKnownFileType = file.storyboard; name = Base; path = Base.lproj/LaunchScreen.storyboard; sourceTree = "<group>"; };
		3F63214C1F3229F900C9CCB4 /* Info.plist */ = {isa = PBXFileReference; lastKnownFileType = text.plist.xml; path = Info.plist; sourceTree = "<group>"; };
		3F6321521F322FCD00C9CCB4 /* QuizModel.swift */ = {isa = PBXFileReference; fileEncoding = 4; lastKnownFileType = sourcecode.swift; path = QuizModel.swift; sourceTree = "<group>"; };
		3F6321541F323BC600C9CCB4 /* ExtraFunctions.swift */ = {isa = PBXFileReference; fileEncoding = 4; lastKnownFileType = sourcecode.swift; path = ExtraFunctions.swift; sourceTree = "<group>"; };
/* End PBXFileReference section */

/* Begin PBXFrameworksBuildPhase section */
		3F63213A1F3229F800C9CCB4 /* Frameworks */ = {
			isa = PBXFrameworksBuildPhase;
			buildActionMask = 2147483647;
			files = (
			);
			runOnlyForDeploymentPostprocessing = 0;
		};
/* End PBXFrameworksBuildPhase section */

/* Begin PBXGroup section */
		3F6321341F3229F800C9CCB4 = {
			isa = PBXGroup;
			children = (
				3F63213F1F3229F800C9CCB4 /* Quiz */,
				3F63213E1F3229F800C9CCB4 /* Products */,
			);
			sourceTree = "<group>";
		};
		3F63213E1F3229F800C9CCB4 /* Products */ = {
			isa = PBXGroup;
			children = (
				3F63213D1F3229F800C9CCB4 /* Quiz.app */,
			);
			name = Products;
			sourceTree = "<group>";
		};
		3F63213F1F3229F800C9CCB4 /* Quiz */ = {
			isa = PBXGroup;
			children = (
				3F6321401F3229F800C9CCB4 /* AppDelegate.swift */,
				3F6321541F323BC600C9CCB4 /* ExtraFunctions.swift */,
				3F6321421F3229F800C9CCB4 /* ViewController.swift */,
				3F6321441F3229F800C9CCB4 /* Main.storyboard */,
				3F6321471F3229F900C9CCB4 /* Assets.xcassets */,
				3F6321491F3229F900C9CCB4 /* LaunchScreen.storyboard */,
				3F63214C1F3229F900C9CCB4 /* Info.plist */,
				3F6321521F322FCD00C9CCB4 /* QuizModel.swift */,
			);
			path = Quiz;
			sourceTree = "<group>";
		};
/* End PBXGroup section */

/* Begin PBXNativeTarget section */
		3F63213C1F3229F800C9CCB4 /* Quiz */ = {
			isa = PBXNativeTarget;
			buildConfigurationList = 3F63214F1F3229F900C9CCB4 /* Build configuration list for PBXNativeTarget "Quiz" */;
			buildPhases = (
				3F6321391F3229F800C9CCB4 /* Sources */,
				3F63213A1F3229F800C9CCB4 /* Frameworks */,
				3F63213B1F3229F800C9CCB4 /* Resources */,
			);
			buildRules = (
			);
			dependencies = (
			);
			name = Quiz;
			productName = Quiz;
			productReference = 3F63213D1F3229F800C9CCB4 /* Quiz.app */;
			productType = "com.apple.product-type.application";
		};
/* End PBXNativeTarget section */

/* Begin PBXProject section */
		3F6321351F3229F800C9CCB4 /* Project object */ = {
			isa = PBXProject;
			attributes = {
				LastSwiftUpdateCheck = 0830;
				LastUpgradeCheck = 0830;
				ORGANIZATIONNAME = "Kaulitz Guimarães";
				TargetAttributes = {
					3F63213C1F3229F800C9CCB4 = {
						CreatedOnToolsVersion = 8.3.3;
						DevelopmentTeam = 6H24PV9773;
						ProvisioningStyle = Automatic;
					};
				};
			};
			buildConfigurationList = 3F6321381F3229F800C9CCB4 /* Build configuration list for PBXProject "Quiz" */;
			compatibilityVersion = "Xcode 3.2";
			developmentRegion = English;
			hasScannedForEncodings = 0;
			knownRegions = (
				en,
				Base,
			);
			mainGroup = 3F6321341F3229F800C9CCB4;
			productRefGroup = 3F63213E1F3229F800C9CCB4 /* Products */;
			projectDirPath = "";
			projectRoot = "";
			targets = (
				3F63213C1F3229F800C9CCB4 /* Quiz */,
			);
		};
/* End PBXProject section */

/* Begin PBXResourcesBuildPhase section */
		3F63213B1F3229F800C9CCB4 /* Resources */ = {
			isa = PBXResourcesBuildPhase;
			buildActionMask = 2147483647;
			files = (
				3F63214B1F3229F900C9CCB4 /* LaunchScreen.storyboard in Resources */,
				3F6321481F3229F900C9CCB4 /* Assets.xcassets in Resources */,
				3F6321461F3229F900C9CCB4 /* Main.storyboard in Resources */,
			);
			runOnlyForDeploymentPostprocessing = 0;
		};
/* End PBXResourcesBuildPhase section */

/* Begin PBXSourcesBuildPhase section */
		3F6321391F3229F800C9CCB4 /* Sources */ = {
			isa = PBXSourcesBuildPhase;
			buildActionMask = 2147483647;
			files = (
				3F6321551F323BC600C9CCB4 /* ExtraFunctions.swift in Sources */,
				3F6321431F3229F800C9CCB4 /* ViewController.swift in Sources */,
				3F6321531F322FCD00C9CCB4 /* QuizModel.swift in Sources */,
				3F6321411F3229F800C9CCB4 /* AppDelegate.swift in Sources */,
			);
			runOnlyForDeploymentPostprocessing = 0;
		};
/* End PBXSourcesBuildPhase section */

/* Begin PBXVariantGroup section */
		3F6321441F3229F800C9CCB4 /* Main.storyboard */ = {
			isa = PBXVariantGroup;
			children = (
				3F6321451F3229F800C9CCB4 /* Base */,
			);
			name = Main.storyboard;
			sourceTree = "<group>";
		};
		3F6321491F3229F900C9CCB4 /* LaunchScreen.storyboard */ = {
			isa = PBXVariantGroup;
			children = (
				3F63214A1F3229F900C9CCB4 /* Base */,
			);
			name = LaunchScreen.storyboard;
			sourceTree = "<group>";
		};
/* End PBXVariantGroup section */

/* Begin XCBuildConfiguration section */
		3F63214D1F3229F900C9CCB4 /* Debug */ = {
			isa = XCBuildConfiguration;
			buildSettings = {
				ALWAYS_SEARCH_USER_PATHS = NO;
				CLANG_ANALYZER_NONNULL = YES;
				CLANG_ANALYZER_NUMBER_OBJECT_CONVERSION = YES_AGGRESSIVE;
				CLANG_CXX_LANGUAGE_STANDARD = "gnu++0x";
				CLANG_CXX_LIBRARY = "libc++";
				CLANG_ENABLE_MODULES = YES;
				CLANG_ENABLE_OBJC_ARC = YES;
				CLANG_WARN_BOOL_CONVERSION = YES;
				CLANG_WARN_CONSTANT_CONVERSION = YES;
				CLANG_WARN_DIRECT_OBJC_ISA_USAGE = YES_ERROR;
				CLANG_WARN_DOCUMENTATION_COMMENTS = YES;
				CLANG_WARN_EMPTY_BODY = YES;
				CLANG_WARN_ENUM_CONVERSION = YES;
				CLANG_WARN_INFINITE_RECURSION = YES;
				CLANG_WARN_INT_CONVERSION = YES;
				CLANG_WARN_OBJC_ROOT_CLASS = YES_ERROR;
				CLANG_WARN_SUSPICIOUS_MOVE = YES;
				CLANG_WARN_UNREACHABLE_CODE = YES;
				CLANG_WARN__DUPLICATE_METHOD_MATCH = YES;
				"CODE_SIGN_IDENTITY[sdk=iphoneos*]" = "iPhone Developer";
				COPY_PHASE_STRIP = NO;
				DEBUG_INFORMATION_FORMAT = dwarf;
				ENABLE_STRICT_OBJC_MSGSEND = YES;
				ENABLE_TESTABILITY = YES;
				GCC_C_LANGUAGE_STANDARD = gnu99;
				GCC_DYNAMIC_NO_PIC = NO;
				GCC_NO_COMMON_BLOCKS = YES;
				GCC_OPTIMIZATION_LEVEL = 0;
				GCC_PREPROCESSOR_DEFINITIONS = (
					"DEBUG=1",
					"$(inherited)",
				);
				GCC_WARN_64_TO_32_BIT_CONVERSION = YES;
				GCC_WARN_ABOUT_RETURN_TYPE = YES_ERROR;
				GCC_WARN_UNDECLARED_SELECTOR = YES;
				GCC_WARN_UNINITIALIZED_AUTOS = YES_AGGRESSIVE;
				GCC_WARN_UNUSED_FUNCTION = YES;
				GCC_WARN_UNUSED_VARIABLE = YES;
				IPHONEOS_DEPLOYMENT_TARGET = 10.3;
				MTL_ENABLE_DEBUG_INFO = YES;
				ONLY_ACTIVE_ARCH = YES;
				SDKROOT = iphoneos;
				SWIFT_ACTIVE_COMPILATION_CONDITIONS = DEBUG;
				SWIFT_OPTIMIZATION_LEVEL = "-Onone";
			};
			name = Debug;
		};
		3F63214E1F3229F900C9CCB4 /* Release */ = {
			isa = XCBuildConfiguration;
			buildSettings = {
				ALWAYS_SEARCH_USER_PATHS = NO;
				CLANG_ANALYZER_NONNULL = YES;
				CLANG_ANALYZER_NUMBER_OBJECT_CONVERSION = YES_AGGRESSIVE;
				CLANG_CXX_LANGUAGE_STANDARD = "gnu++0x";
				CLANG_CXX_LIBRARY = "libc++";
				CLANG_ENABLE_MODULES = YES;
				CLANG_ENABLE_OBJC_ARC = YES;
				CLANG_WARN_BOOL_CONVERSION = YES;
				CLANG_WARN_CONSTANT_CONVERSION = YES;
				CLANG_WARN_DIRECT_OBJC_ISA_USAGE = YES_ERROR;
				CLANG_WARN_DOCUMENTATION_COMMENTS = YES;
				CLANG_WARN_EMPTY_BODY = YES;
				CLANG_WARN_ENUM_CONVERSION = YES;
				CLANG_WARN_INFINITE_RECURSION = YES;
				CLANG_WARN_INT_CONVERSION = YES;
				CLANG_WARN_OBJC_ROOT_CLASS = YES_ERROR;
				CLANG_WARN_SUSPICIOUS_MOVE = YES;
				CLANG_WARN_UNREACHABLE_CODE = YES;
				CLANG_WARN__DUPLICATE_METHOD_MATCH = YES;
				"CODE_SIGN_IDENTITY[sdk=iphoneos*]" = "iPhone Developer";
				COPY_PHASE_STRIP = NO;
				DEBUG_INFORMATION_FORMAT = "dwarf-with-dsym";
				ENABLE_NS_ASSERTIONS = NO;
				ENABLE_STRICT_OBJC_MSGSEND = YES;
				GCC_C_LANGUAGE_STANDARD = gnu99;
				GCC_NO_COMMON_BLOCKS = YES;
				GCC_WARN_64_TO_32_BIT_CONVERSION = YES;
				GCC_WARN_ABOUT_RETURN_TYPE = YES_ERROR;
				GCC_WARN_UNDECLARED_SELECTOR = YES;
				GCC_WARN_UNINITIALIZED_AUTOS = YES_AGGRESSIVE;
				GCC_WARN_UNUSED_FUNCTION = YES;
				GCC_WARN_UNUSED_VARIABLE = YES;
				IPHONEOS_DEPLOYMENT_TARGET = 10.3;
				MTL_ENABLE_DEBUG_INFO = NO;
				SDKROOT = iphoneos;
				SWIFT_OPTIMIZATION_LEVEL = "-Owholemodule";
				VALIDATE_PRODUCT = YES;
			};
			name = Release;
		};
		3F6321501F3229F900C9CCB4 /* Debug */ = {
			isa = XCBuildConfiguration;
			buildSettings = {
				ASSETCATALOG_COMPILER_APPICON_NAME = AppIcon;
				DEVELOPMENT_TEAM = 6H24PV9773;
				INFOPLIST_FILE = Quiz/Info.plist;
				LD_RUNPATH_SEARCH_PATHS = "$(inherited) @executable_path/Frameworks";
				PRODUCT_BUNDLE_IDENTIFIER = com.kaulitzguimaraes.Quiz;
				PRODUCT_NAME = "$(TARGET_NAME)";
				SWIFT_VERSION = 3.0;
			};
			name = Debug;
		};
		3F6321511F3229F900C9CCB4 /* Release */ = {
			isa = XCBuildConfiguration;
			buildSettings = {
				ASSETCATALOG_COMPILER_APPICON_NAME = AppIcon;
				DEVELOPMENT_TEAM = 6H24PV9773;
				INFOPLIST_FILE = Quiz/Info.plist;
				LD_RUNPATH_SEARCH_PATHS = "$(inherited) @executable_path/Frameworks";
				PRODUCT_BUNDLE_IDENTIFIER = com.kaulitzguimaraes.Quiz;
				PRODUCT_NAME = "$(TARGET_NAME)";
				SWIFT_VERSION = 3.0;
			};
			name = Release;
		};
/* End XCBuildConfiguration section */

/* Begin XCConfigurationList section */
		3F6321381F3229F800C9CCB4 /* Build configuration list for PBXProject "Quiz" */ = {
			isa = XCConfigurationList;
			buildConfigurations = (
				3F63214D1F3229F900C9CCB4 /* Debug */,
				3F63214E1F3229F900C9CCB4 /* Release */,
			);
			defaultConfigurationIsVisible = 0;
			defaultConfigurationName = Release;
		};
		3F63214F1F3229F900C9CCB4 /* Build configuration list for PBXNativeTarget "Quiz" */ = {
			isa = XCConfigurationList;
			buildConfigurations = (
				3F6321501F3229F900C9CCB4 /* Debug */,
				3F6321511F3229F900C9CCB4 /* Release */,
			);
			defaultConfigurationIsVisible = 0;
		};
/* End XCConfigurationList section */
	};
	rootObject = 3F6321351F3229F800C9CCB4 /* Project object */;
}
